
Microsoft Visual Studio Solution File, Format Version 12.00
# Visual Studio Version 17
VisualStudioVersion = 17.10.35122.118
MinimumVisualStudioVersion = 10.0.40219.1
Project("{FAE04EC0-301F-11D3-BF4B-00C04F79EFBC}") = "FitnessTracker", "FitnessTracker.csproj", "{9713D3C4-3434-4DE2-AB29-E1BE9FFAE8C9}"
EndProject
Global
	GlobalSection(SolutionConfigurationPlatforms) = preSolution
		Debug|Any CPU = Debug|Any CPU
		Release|Any CPU = Release|Any CPU
	EndGlobalSection
	GlobalSection(ProjectConfigurationPlatforms) = postSolution
		{9713D3C4-3434-4DE2-AB29-E1BE9FFAE8C9}.Debug|Any CPU.ActiveCfg = Debug|Any CPU
		{9713D3C4-3434-4DE2-AB29-E1BE9FFAE8C9}.Debug|Any CPU.Build.0 = Debug|Any CPU
		{9713D3C4-3434-4DE2-AB29-E1BE9FFAE8C9}.Release|Any CPU.ActiveCfg = Release|Any CPU
		{9713D3C4-3434-4DE2-AB29-E1BE9FFAE8C9}.Release|Any CPU.Build.0 = Release|Any CPU
	EndGlobalSection
	GlobalSection(SolutionProperties) = preSolution
		HideSolutionNode = FALSE
	EndGlobalSection
	GlobalSection(ExtensibilityGlobals) = postSolution
		SolutionGuid = {749BD20B-EA63-4CD4-898B-9AADF4351E25}
	EndGlobalSection
EndGlobal
